
Microsoft Visual Studio Solution File, Format Version 11.00
# Visual Studio 2010
Project("{8BC9CEB8-8B4A-11D0-8D11-00A0C91BC942}") = "ClientLib", "ClientLib\ClientLib.vcxproj", "{DDC0F056-A370-48C8-A23C-A3EAD3B88FAC}"
EndProject
Project("{8BC9CEB8-8B4A-11D0-8D11-00A0C91BC942}") = "DevKit_DLL", "DevKit_DLL\DevKit_DLL.vcxproj", "{80435A77-B053-48C2-A58B-82A429363819}"
	ProjectSection(ProjectDependencies) = postProject
		{0CC5A40F-84F9-466B-A44E-7548C1E391B2} = {0CC5A40F-84F9-466B-A44E-7548C1E391B2}
		{9CEEC33B-89E3-4725-AED6-5CE8692698B7} = {9CEEC33B-89E3-4725-AED6-5CE8692698B7}
		{DDC0F056-A370-48C8-A23C-A3EAD3B88FAC} = {DDC0F056-A370-48C8-A23C-A3EAD3B88FAC}
		{EAADF06A-E5E8-4B60-9CFF-7F1361D7F960} = {EAADF06A-E5E8-4B60-9CFF-7F1361D7F960}
		{43A4037C-BD92-4111-88FB-289F6A98992C} = {43A4037C-BD92-4111-88FB-289F6A98992C}
		{5209CA81-5E85-458A-B705-5208246F543C} = {5209CA81-5E85-458A-B705-5208246F543C}
		{4C9B65A1-4575-40EA-A428-F6E82C752605} = {4C9B65A1-4575-40EA-A428-F6E82C752605}
	EndProjectSection
EndProject
Project("{8BC9CEB8-8B4A-11D0-8D11-00A0C91BC942}") = "BSLib", "BSLib\BSLib.vcxproj", "{0CC5A40F-84F9-466B-A44E-7548C1E391B2}"
EndProject
Project("{2150E333-8FDC-42A3-9474-1A3956D46DE8}") = "libs", "libs", "{7406CD73-BE15-45E5-BBB8-E153393820E3}"
EndProject
Project("{2150E333-8FDC-42A3-9474-1A3956D46DE8}") = "third-party", "third-party", "{438DD55D-D95D-4209-84CC-8E5114539874}"
EndProject
Project("{8BC9CEB8-8B4A-11D0-8D11-00A0C91BC942}") = "ClientNet", "ClientNet\ClientNet.vcxproj", "{EAADF06A-E5E8-4B60-9CFF-7F1361D7F960}"
EndProject
Project("{8BC9CEB8-8B4A-11D0-8D11-00A0C91BC942}") = "GFX3DFunction", "GFX3DFunction\GFX3DFunction.vcxproj", "{43A4037C-BD92-4111-88FB-289F6A98992C}"
EndProject
Project("{8BC9CEB8-8B4A-11D0-8D11-00A0C91BC942}") = "memory", "third-party\memory\memory.vcxproj", "{9CEEC33B-89E3-4725-AED6-5CE8692698B7}"
EndProject
Project("{8BC9CEB8-8B4A-11D0-8D11-00A0C91BC942}") = "imgui-1.66", "third-party\imgui-1.66\imgui-1.66.vcxproj", "{4C9B65A1-4575-40EA-A428-F6E82C752605}"
EndProject
Project("{8BC9CEB8-8B4A-11D0-8D11-00A0C91BC942}") = "remodel", "third-party\remodel\remodel.vcxproj", "{5209CA81-5E85-458A-B705-5208246F543C}"
EndProject
Project("{8BC9CEB8-8B4A-11D0-8D11-00A0C91BC942}") = "NavMesh", "NavMesh\NavMesh.vcxproj", "{9A37DFB1-1786-4593-A119-4E964B609210}"
EndProject
Project("{8BC9CEB8-8B4A-11D0-8D11-00A0C91BC942}") = "Test", "Test\Test.vcxproj", "{DD49D2E7-FD91-48DF-9822-74FBA27372C9}"
EndProject
Global
	GlobalSection(SolutionConfigurationPlatforms) = preSolution
		Debug|Win32 = Debug|Win32
		Release_InPanic|Win32 = Release_InPanic|Win32
		Release|Win32 = Release|Win32
	EndGlobalSection
	GlobalSection(ProjectConfigurationPlatforms) = postSolution
		{DDC0F056-A370-48C8-A23C-A3EAD3B88FAC}.Debug|Win32.ActiveCfg = Debug|Win32
		{DDC0F056-A370-48C8-A23C-A3EAD3B88FAC}.Debug|Win32.Build.0 = Debug|Win32
		{DDC0F056-A370-48C8-A23C-A3EAD3B88FAC}.Release_InPanic|Win32.ActiveCfg = Release|Win32
		{DDC0F056-A370-48C8-A23C-A3EAD3B88FAC}.Release_InPanic|Win32.Build.0 = Release|Win32
		{DDC0F056-A370-48C8-A23C-A3EAD3B88FAC}.Release|Win32.ActiveCfg = Release|Win32
		{DDC0F056-A370-48C8-A23C-A3EAD3B88FAC}.Release|Win32.Build.0 = Release|Win32
		{80435A77-B053-48C2-A58B-82A429363819}.Debug|Win32.ActiveCfg = Debug|Win32
		{80435A77-B053-48C2-A58B-82A429363819}.Debug|Win32.Build.0 = Debug|Win32
		{80435A77-B053-48C2-A58B-82A429363819}.Release_InPanic|Win32.ActiveCfg = Release|Win32
		{80435A77-B053-48C2-A58B-82A429363819}.Release_InPanic|Win32.Build.0 = Release|Win32
		{80435A77-B053-48C2-A58B-82A429363819}.Release|Win32.ActiveCfg = Release|Win32
		{80435A77-B053-48C2-A58B-82A429363819}.Release|Win32.Build.0 = Release|Win32
		{0CC5A40F-84F9-466B-A44E-7548C1E391B2}.Debug|Win32.ActiveCfg = Debug|Win32
		{0CC5A40F-84F9-466B-A44E-7548C1E391B2}.Debug|Win32.Build.0 = Debug|Win32
		{0CC5A40F-84F9-466B-A44E-7548C1E391B2}.Release_InPanic|Win32.ActiveCfg = Release|Win32
		{0CC5A40F-84F9-466B-A44E-7548C1E391B2}.Release_InPanic|Win32.Build.0 = Release|Win32
		{0CC5A40F-84F9-466B-A44E-7548C1E391B2}.Release|Win32.ActiveCfg = Release|Win32
		{0CC5A40F-84F9-466B-A44E-7548C1E391B2}.Release|Win32.Build.0 = Release|Win32
		{EAADF06A-E5E8-4B60-9CFF-7F1361D7F960}.Debug|Win32.ActiveCfg = Debug|Win32
		{EAADF06A-E5E8-4B60-9CFF-7F1361D7F960}.Debug|Win32.Build.0 = Debug|Win32
		{EAADF06A-E5E8-4B60-9CFF-7F1361D7F960}.Release_InPanic|Win32.ActiveCfg = Release|Win32
		{EAADF06A-E5E8-4B60-9CFF-7F1361D7F960}.Release_InPanic|Win32.Build.0 = Release|Win32
		{EAADF06A-E5E8-4B60-9CFF-7F1361D7F960}.Release|Win32.ActiveCfg = Release|Win32
		{EAADF06A-E5E8-4B60-9CFF-7F1361D7F960}.Release|Win32.Build.0 = Release|Win32
		{43A4037C-BD92-4111-88FB-289F6A98992C}.Debug|Win32.ActiveCfg = Debug|Win32
		{43A4037C-BD92-4111-88FB-289F6A98992C}.Debug|Win32.Build.0 = Debug|Win32
		{43A4037C-BD92-4111-88FB-289F6A98992C}.Release_InPanic|Win32.ActiveCfg = Release|Win32
		{43A4037C-BD92-4111-88FB-289F6A98992C}.Release_InPanic|Win32.Build.0 = Release|Win32
		{43A4037C-BD92-4111-88FB-289F6A98992C}.Release|Win32.ActiveCfg = Release|Win32
		{43A4037C-BD92-4111-88FB-289F6A98992C}.Release|Win32.Build.0 = Release|Win32
		{9CEEC33B-89E3-4725-AED6-5CE8692698B7}.Debug|Win32.ActiveCfg = Debug|Win32
		{9CEEC33B-89E3-4725-AED6-5CE8692698B7}.Debug|Win32.Build.0 = Debug|Win32
		{9CEEC33B-89E3-4725-AED6-5CE8692698B7}.Release_InPanic|Win32.ActiveCfg = Release|Win32
		{9CEEC33B-89E3-4725-AED6-5CE8692698B7}.Release_InPanic|Win32.Build.0 = Release|Win32
		{9CEEC33B-89E3-4725-AED6-5CE8692698B7}.Release|Win32.ActiveCfg = Release|Win32
		{9CEEC33B-89E3-4725-AED6-5CE8692698B7}.Release|Win32.Build.0 = Release|Win32
		{4C9B65A1-4575-40EA-A428-F6E82C752605}.Debug|Win32.ActiveCfg = Debug|Win32
		{4C9B65A1-4575-40EA-A428-F6E82C752605}.Debug|Win32.Build.0 = Debug|Win32
		{4C9B65A1-4575-40EA-A428-F6E82C752605}.Release_InPanic|Win32.ActiveCfg = Release|Win32
		{4C9B65A1-4575-40EA-A428-F6E82C752605}.Release_InPanic|Win32.Build.0 = Release|Win32
		{4C9B65A1-4575-40EA-A428-F6E82C752605}.Release|Win32.ActiveCfg = Release|Win32
		{4C9B65A1-4575-40EA-A428-F6E82C752605}.Release|Win32.Build.0 = Release|Win32
		{5209CA81-5E85-458A-B705-5208246F543C}.Debug|Win32.ActiveCfg = Debug|Win32
		{5209CA81-5E85-458A-B705-5208246F543C}.Debug|Win32.Build.0 = Debug|Win32
		{5209CA81-5E85-458A-B705-5208246F543C}.Release_InPanic|Win32.ActiveCfg = Release_InPanic|Win32
		{5209CA81-5E85-458A-B705-5208246F543C}.Release_InPanic|Win32.Build.0 = Release_InPanic|Win32
		{5209CA81-5E85-458A-B705-5208246F543C}.Release|Win32.ActiveCfg = Release|Win32
		{5209CA81-5E85-458A-B705-5208246F543C}.Release|Win32.Build.0 = Release|Win32
		{9A37DFB1-1786-4593-A119-4E964B609210}.Debug|Win32.ActiveCfg = Debug|Win32
		{9A37DFB1-1786-4593-A119-4E964B609210}.Debug|Win32.Build.0 = Debug|Win32
		{9A37DFB1-1786-4593-A119-4E964B609210}.Release_InPanic|Win32.ActiveCfg = Release|Win32
		{9A37DFB1-1786-4593-A119-4E964B609210}.Release_InPanic|Win32.Build.0 = Release|Win32
		{9A37DFB1-1786-4593-A119-4E964B609210}.Release|Win32.ActiveCfg = Release|Win32
		{9A37DFB1-1786-4593-A119-4E964B609210}.Release|Win32.Build.0 = Release|Win32
		{DD49D2E7-FD91-48DF-9822-74FBA27372C9}.Debug|Win32.ActiveCfg = Debug|Win32
		{DD49D2E7-FD91-48DF-9822-74FBA27372C9}.Debug|Win32.Build.0 = Debug|Win32
		{DD49D2E7-FD91-48DF-9822-74FBA27372C9}.Release_InPanic|Win32.ActiveCfg = Release|Win32
		{DD49D2E7-FD91-48DF-9822-74FBA27372C9}.Release_InPanic|Win32.Build.0 = Release|Win32
		{DD49D2E7-FD91-48DF-9822-74FBA27372C9}.Release|Win32.ActiveCfg = Release|Win32
		{DD49D2E7-FD91-48DF-9822-74FBA27372C9}.Release|Win32.Build.0 = Release|Win32
	EndGlobalSection
	GlobalSection(SolutionProperties) = preSolution
		HideSolutionNode = FALSE
	EndGlobalSection
	GlobalSection(NestedProjects) = preSolution
		{0CC5A40F-84F9-466B-A44E-7548C1E391B2} = {7406CD73-BE15-45E5-BBB8-E153393820E3}
		{DDC0F056-A370-48C8-A23C-A3EAD3B88FAC} = {7406CD73-BE15-45E5-BBB8-E153393820E3}
		{EAADF06A-E5E8-4B60-9CFF-7F1361D7F960} = {7406CD73-BE15-45E5-BBB8-E153393820E3}
		{43A4037C-BD92-4111-88FB-289F6A98992C} = {7406CD73-BE15-45E5-BBB8-E153393820E3}
		{9A37DFB1-1786-4593-A119-4E964B609210} = {7406CD73-BE15-45E5-BBB8-E153393820E3}
		{DD49D2E7-FD91-48DF-9822-74FBA27372C9} = {7406CD73-BE15-45E5-BBB8-E153393820E3}
		{9CEEC33B-89E3-4725-AED6-5CE8692698B7} = {438DD55D-D95D-4209-84CC-8E5114539874}
		{4C9B65A1-4575-40EA-A428-F6E82C752605} = {438DD55D-D95D-4209-84CC-8E5114539874}
		{5209CA81-5E85-458A-B705-5208246F543C} = {438DD55D-D95D-4209-84CC-8E5114539874}
	EndGlobalSection
EndGlobal
