<?xml version="1.0" encoding="utf-8"?>
<Project ToolsVersion="4.0" xmlns="http://schemas.microsoft.com/developer/msbuild/2003">
  <ItemGroup>
    <Filter Include="Source Files">
      <UniqueIdentifier>{4FC737F1-C7A5-4376-A066-2A32D752A2FF}</UniqueIdentifier>
      <Extensions>cpp;c;cc;cxx;def;odl;idl;hpj;bat;asm;asmx</Extensions>
    </Filter>
    <Filter Include="Hooks">
      <UniqueIdentifier>{430b53c0-2fcc-4b6e-a180-47040d17c227}</UniqueIdentifier>
    </Filter>
    <Filter Include="Util">
      <UniqueIdentifier>{0db6dfc9-1303-42d9-bb84-37e1d51e60fc}</UniqueIdentifier>
    </Filter>
    <Filter Include="Interface">
      <UniqueIdentifier>{cc16b336-7211-4250-b47a-52c347ac72d0}</UniqueIdentifier>
    </Filter>
    <Filter Include="Header Files">
      <UniqueIdentifier>{93995380-89BD-4b04-88EB-625FBE52EBFB}</UniqueIdentifier>
      <Extensions>h;hpp;hxx;hm;inl;inc;xsd</Extensions>
    </Filter>
  </ItemGroup>
  <ItemGroup>
    <ClCompile Include="DllMain.cpp">
      <Filter>Source Files</Filter>
    </ClCompile>
    <ClCompile Include="StdAfx.cpp">
      <Filter>Source Files</Filter>
    </ClCompile>
    <ClCompile Include="ImGui_Windows.cpp">
      <Filter>Source Files</Filter>
    </ClCompile>
    <ClCompile Include="GFXVideo3d_Hook.cpp">
      <Filter>Hooks</Filter>
    </ClCompile>
    <ClCompile Include="Util.cpp">
      <Filter>Util</Filter>
    </ClCompile>
    <ClCompile Include="Hooks.cpp">
      <Filter>Util</Filter>
    </ClCompile>
    <ClCompile Include="WndProc.cpp">
      <Filter>Hooks</Filter>
    </ClCompile>
    <ClCompile Include="IFflorian0.cpp">
      <Filter>Interface</Filter>
    </ClCompile>
  </ItemGroup>
  <ItemGroup>
    <ClInclude Include="StdAfx.h">
      <Filter>Header Files</Filter>
    </ClInclude>
    <ClInclude Include="ImGui_Windows.h">
      <Filter>Header Files</Filter>
    </ClInclude>
    <ClInclude Include="GFXVideo3d_Hook.h">
      <Filter>Hooks</Filter>
    </ClInclude>
    <ClInclude Include="Util.h">
      <Filter>Util</Filter>
    </ClInclude>
    <ClInclude Include="Hooks.h">
      <Filter>Util</Filter>
    </ClInclude>
    <ClInclude Include="WndProc.h">
      <Filter>Hooks</Filter>
    </ClInclude>
    <ClInclude Include="IFflorian0.h">
      <Filter>Interface</Filter>
    </ClInclude>
  </ItemGroup>
  <ItemGroup>
    <None Include="ReadMe.txt" />
  </ItemGroup>
</Project>